<Solution>
	<Project Path="./eng/Analyzers/Injure.DevAnalyzers/Injure.DevAnalyzers.csproj" />
	<Project Path="./eng/Fixtures/IlFixture/IlFixture.csproj" />

	<Project Path="./src/Injure/Injure.csproj" />
	<Project Path="./src/Injure.Analyzers/Injure.Analyzers.csproj" />
	<Project Path="./src/Injure.Mods.Abstractions/Injure.Mods.Abstractions.csproj" />
	<Project Path="./src/Injure.Mods.Analyzers/Injure.Mods.Analyzers.csproj" />
	<Project Path="./src/Injure.Mods.Analyzers.CodeFixes/Injure.Mods.Analyzers.CodeFixes.csproj" />
	<Project Path="./src/Injure.Mods.Runtime/Injure.Mods.Runtime.csproj" />
	<Project Path="./src/Injure.Weaver/Injure.Weaver.csproj" />

	<Project Path="./test/Injure.Mods.Abstractions.Tests/Injure.Mods.Abstractions.Tests.csproj" />
	<Project Path="./test/Injure.Tests/Injure.Tests.csproj" />
</Solution>
